
Microsoft Visual Studio Solution File, Format Version 12.00
# Visual Studio Version 17
VisualStudioVersion = 17.0.31903.59
MinimumVisualStudioVersion = 10.0.40219.1
Project("{8BC9CEB8-8B4A-11D0-8D11-00A0C91BC942}") = "example_app", "example_app\example_app.vcxproj", "{0C41B2E2-A784-4534-9317-0BF8815E197C}"
EndProject
Project("{2150E333-8FDC-42A3-9474-1A3956D46DE8}") = "infra", "infra", "{AAB3A23D-3171-46DC-A6DF-F4A9C10B9B46}"
EndProject
Project("{2150E333-8FDC-42A3-9474-1A3956D46DE8}") = "app", "app", "{FC08A1ED-C5F4-479C-93BF-D206DA8FC333}"
EndProject
Project("{2150E333-8FDC-42A3-9474-1A3956D46DE8}") = "test", "test", "{04A537F6-6F44-40B5-98E1-CF0615BBC889}"
EndProject
Project("{2150E333-8FDC-42A3-9474-1A3956D46DE8}") = "infra", "infra", "{3D1B2F1A-3F6E-47DA-B36C-89B6DFC04570}"
EndProject
Project("{8BC9CEB8-8B4A-11D0-8D11-00A0C91BC942}") = "data_structures", "infra\data_structures\data_structures.vcxproj", "{2332B22D-9636-43D5-8244-38A9C3BE660A}"
EndProject
Project("{8BC9CEB8-8B4A-11D0-8D11-00A0C91BC942}") = "concurrency", "infra\concurrency\concurrency.vcxproj", "{E0B392A5-1C94-4F17-A79C-45754259523A}"
EndProject
Project("{8BC9CEB8-8B4A-11D0-8D11-00A0C91BC942}") = "utility", "infra\utility\utility.vcxproj", "{85FF4D6C-9476-48B7-A32F-DFED0AEA2117}"
EndProject
Project("{8BC9CEB8-8B4A-11D0-8D11-00A0C91BC942}") = "time", "time\time.vcxproj", "{CB444FEC-9561-4C6C-A8EB-DAB3F095E492}"
EndProject
Project("{8BC9CEB8-8B4A-11D0-8D11-00A0C91BC942}") = "application_base", "infra\application_base\application_base.vcxproj", "{ED92C9E3-4253-428C-A76E-3E19DB256F0D}"
EndProject
Project("{8BC9CEB8-8B4A-11D0-8D11-00A0C91BC942}") = "graphics", "infra\graphics\graphics.vcxproj", "{61A5859E-3F9F-494E-B005-F373F7BACAA4}"
EndProject
Project("{8BC9CEB8-8B4A-11D0-8D11-00A0C91BC942}") = "sdl_application", "infra\sdl_application\sdl_application.vcxproj", "{7F58BB25-5A4A-47BE-A429-AABF1DAFE6EF}"
EndProject
Project("{8BC9CEB8-8B4A-11D0-8D11-00A0C91BC942}") = "CerealExample", "app\CerealExample\CerealExample.vcxproj", "{BFDDE417-29F9-47FC-AD11-CB50F32ACA96}"
EndProject
Project("{8BC9CEB8-8B4A-11D0-8D11-00A0C91BC942}") = "sdl_example", "app\sdl_example\sdl_example.vcxproj", "{F419806A-C37D-4BE4-A71B-C337FAC0DDAF}"
EndProject
Project("{8BC9CEB8-8B4A-11D0-8D11-00A0C91BC942}") = "tick", "infra\tick\tick.vcxproj", "{1DD42D85-3084-4CC1-8D99-6C8EDFC4B21B}"
EndProject
Project("{2150E333-8FDC-42A3-9474-1A3956D46DE8}") = "android", "android", "{18FDDADC-A34D-41E0-865B-3EFFA6360A37}"
EndProject
Project("{8BC9CEB8-8B4A-11D0-8D11-00A0C91BC942}") = "main", "..\..\..\src\ext\sdl_anroid\main\main.vcxproj", "{B7F3A6F1-0359-4427-925D-4A6D1C979B61}"
EndProject
Project("{8BC9CEB8-8B4A-11D0-8D11-00A0C91BC942}") = "SDL2", "..\..\..\src\ext\sdl_anroid\SDL2\SDL2.vcxproj", "{B7BE417C-B6C5-4A69-A056-E0CB0C6A344C}"
EndProject
Project("{39E2626F-3545-4960-A6E8-258AD8476CE5}") = "SDL2_GradleApp", "..\..\..\src\ext\sdl_anroid\SDL2_GradleApp\SDL2_GradleApp.androidproj", "{F38408B0-8D17-4D2B-AEB4-5FA30B7F6373}"
EndProject
Project("{8BC9CEB8-8B4A-11D0-8D11-00A0C91BC942}") = "SDL2_image", "..\..\..\src\ext\sdl_anroid\SDL2_image\SDL2_image.vcxproj", "{03A9401D-CEFF-4F5E-A7B4-FC2A0D9F6C95}"
EndProject
Project("{8BC9CEB8-8B4A-11D0-8D11-00A0C91BC942}") = "SDL2_ttf", "..\..\..\src\ext\sdl_anroid\SDL2_ttf\SDL2_ttf.vcxproj", "{8572235C-B335-40DD-BA5F-9954BEDC4BFC}"
EndProject
Project("{8BC9CEB8-8B4A-11D0-8D11-00A0C91BC942}") = "hidapi", "..\..\..\src\ext\sdl_anroid\SDL2\src\hidapi\android\hidapi.vcxproj", "{654D6F15-267A-423D-8606-351C153C4E3D}"
EndProject
Project("{2150E333-8FDC-42A3-9474-1A3956D46DE8}") = "basic_engine", "basic_engine", "{1458EAC5-4AB7-4BEB-8D5B-AA1BBE707074}"
EndProject
Project("{8BC9CEB8-8B4A-11D0-8D11-00A0C91BC942}") = "asset", "basic_engine\asset\asset.vcxproj", "{B6BF4A27-9AC4-4157-BCE8-9E19EC045CEC}"
EndProject
Project("{8BC9CEB8-8B4A-11D0-8D11-00A0C91BC942}") = "concurrency_test", "test\infra\concurrency\concurrency.vcxproj", "{14C4C454-2162-4C7F-924D-4C86DD549A5D}"
EndProject
Project("{2150E333-8FDC-42A3-9474-1A3956D46DE8}") = "_ext", "_ext", "{93A3B11D-FE69-4A94-BB80-66C19C0FBB29}"
EndProject
Project("{8BC9CEB8-8B4A-11D0-8D11-00A0C91BC942}") = "googletest", "ext\googletest\googletest.vcxproj", "{D11F39D8-CBF5-49C6-A713-F0AE1B6A2D55}"
EndProject
Project("{8BC9CEB8-8B4A-11D0-8D11-00A0C91BC942}") = "asset_test", "test\basic_engine\asset\asset.vcxproj", "{7CB16BAC-0B39-41F0-A334-EA15F5F0B210}"
EndProject
Project("{8BC9CEB8-8B4A-11D0-8D11-00A0C91BC942}") = "sdl_asset", "basic_engine\sdl_asset\sdl_asset.vcxproj", "{61C7DA41-9FED-4BF9-BFB9-37E89A29835A}"
EndProject
Project("{8BC9CEB8-8B4A-11D0-8D11-00A0C91BC942}") = "basic_engine", "basic_engine\basic_engine\basic_engine.vcxproj", "{A650F957-9758-47F6-B515-DA3B9C6FC4F7}"
EndProject
Project("{8BC9CEB8-8B4A-11D0-8D11-00A0C91BC942}") = "sprite_sheet", "basic_engine\sprite_sheet\sprite_sheet.vcxproj", "{3B9A2D9F-E922-41FD-A23C-5C25084746B1}"
EndProject
Project("{8BC9CEB8-8B4A-11D0-8D11-00A0C91BC942}") = "tile_map", "basic_engine\tile_map\tile_map.vcxproj", "{944760B4-48A0-41E4-BB85-7925DBEE1D91}"
EndProject
Project("{8BC9CEB8-8B4A-11D0-8D11-00A0C91BC942}") = "sdl_map_example", "app\sdl_map_example\sdl_map_example.vcxproj", "{08538679-CF6B-405F-B773-918821B09B55}"
EndProject
Project("{2150E333-8FDC-42A3-9474-1A3956D46DE8}") = "gis", "gis", "{7FC7A7ED-0381-4911-A5F7-5302B1D43379}"
EndProject
Project("{8BC9CEB8-8B4A-11D0-8D11-00A0C91BC942}") = "core_gis", "gis\core_gis\core_gis.vcxproj", "{B87891B1-7729-4E1B-8691-23108F721AA0}"
EndProject
Project("{8BC9CEB8-8B4A-11D0-8D11-00A0C91BC942}") = "gis_example", "app\gis_example\gis_example.vcxproj", "{AD3DCE40-34BA-4020-9374-04FA485451FD}"
EndProject
Project("{2150E333-8FDC-42A3-9474-1A3956D46DE8}") = "gis", "gis", "{E330A4C5-E1C1-4C73-8563-3B4195CAB807}"
EndProject
Project("{8BC9CEB8-8B4A-11D0-8D11-00A0C91BC942}") = "pager", "gis\pager\pager.vcxproj", "{AC1C5EF7-0D54-46BC-BE57-410C22A3E276}"
EndProject
Project("{8BC9CEB8-8B4A-11D0-8D11-00A0C91BC942}") = "pager_test", "test\gis\pager_test\pager_test.vcxproj", "{3F8A74E5-B720-437A-8494-CA4A4420FCB7}"
	ProjectSection(ProjectDependencies) = postProject
		{AC1C5EF7-0D54-46BC-BE57-410C22A3E276} = {AC1C5EF7-0D54-46BC-BE57-410C22A3E276}
	EndProjectSection
EndProject
Project("{8BC9CEB8-8B4A-11D0-8D11-00A0C91BC942}") = "painter", "basic_engine\painter\painter.vcxproj", "{DE31EEE2-3406-4281-A92E-773FE83E2D35}"
EndProject
Project("{8BC9CEB8-8B4A-11D0-8D11-00A0C91BC942}") = "falling_letters", "app\falling_letters\falling_letters.vcxproj", "{FD6CDCE9-F917-444D-81F6-FD84D7ACEE5F}"
EndProject
Global
	GlobalSection(SolutionConfigurationPlatforms) = preSolution
		Debug|ARM = Debug|ARM
		Debug|ARM64 = Debug|ARM64
		Debug|x64 = Debug|x64
		Debug|x86 = Debug|x86
		Release|ARM = Release|ARM
		Release|ARM64 = Release|ARM64
		Release|x64 = Release|x64
		Release|x86 = Release|x86
	EndGlobalSection
	GlobalSection(ProjectConfigurationPlatforms) = postSolution
		{0C41B2E2-A784-4534-9317-0BF8815E197C}.Debug|ARM.ActiveCfg = Debug|x64
		{0C41B2E2-A784-4534-9317-0BF8815E197C}.Debug|ARM.Build.0 = Debug|x64
		{0C41B2E2-A784-4534-9317-0BF8815E197C}.Debug|ARM64.ActiveCfg = Debug|x64
		{0C41B2E2-A784-4534-9317-0BF8815E197C}.Debug|ARM64.Build.0 = Debug|x64
		{0C41B2E2-A784-4534-9317-0BF8815E197C}.Debug|x64.ActiveCfg = Debug|x64
		{0C41B2E2-A784-4534-9317-0BF8815E197C}.Debug|x64.Build.0 = Debug|x64
		{0C41B2E2-A784-4534-9317-0BF8815E197C}.Debug|x86.ActiveCfg = Debug|Win32
		{0C41B2E2-A784-4534-9317-0BF8815E197C}.Debug|x86.Build.0 = Debug|Win32
		{0C41B2E2-A784-4534-9317-0BF8815E197C}.Release|ARM.ActiveCfg = Release|x64
		{0C41B2E2-A784-4534-9317-0BF8815E197C}.Release|ARM.Build.0 = Release|x64
		{0C41B2E2-A784-4534-9317-0BF8815E197C}.Release|ARM64.ActiveCfg = Release|x64
		{0C41B2E2-A784-4534-9317-0BF8815E197C}.Release|ARM64.Build.0 = Release|x64
		{0C41B2E2-A784-4534-9317-0BF8815E197C}.Release|x64.ActiveCfg = Release|x64
		{0C41B2E2-A784-4534-9317-0BF8815E197C}.Release|x64.Build.0 = Release|x64
		{0C41B2E2-A784-4534-9317-0BF8815E197C}.Release|x86.ActiveCfg = Release|Win32
		{0C41B2E2-A784-4534-9317-0BF8815E197C}.Release|x86.Build.0 = Release|Win32
		{2332B22D-9636-43D5-8244-38A9C3BE660A}.Debug|ARM.ActiveCfg = Debug|x64
		{2332B22D-9636-43D5-8244-38A9C3BE660A}.Debug|ARM.Build.0 = Debug|x64
		{2332B22D-9636-43D5-8244-38A9C3BE660A}.Debug|ARM64.ActiveCfg = Debug|x64
		{2332B22D-9636-43D5-8244-38A9C3BE660A}.Debug|ARM64.Build.0 = Debug|x64
		{2332B22D-9636-43D5-8244-38A9C3BE660A}.Debug|x64.ActiveCfg = Debug|x64
		{2332B22D-9636-43D5-8244-38A9C3BE660A}.Debug|x64.Build.0 = Debug|x64
		{2332B22D-9636-43D5-8244-38A9C3BE660A}.Debug|x86.ActiveCfg = Debug|Win32
		{2332B22D-9636-43D5-8244-38A9C3BE660A}.Debug|x86.Build.0 = Debug|Win32
		{2332B22D-9636-43D5-8244-38A9C3BE660A}.Release|ARM.ActiveCfg = Release|x64
		{2332B22D-9636-43D5-8244-38A9C3BE660A}.Release|ARM.Build.0 = Release|x64
		{2332B22D-9636-43D5-8244-38A9C3BE660A}.Release|ARM64.ActiveCfg = Release|x64
		{2332B22D-9636-43D5-8244-38A9C3BE660A}.Release|ARM64.Build.0 = Release|x64
		{2332B22D-9636-43D5-8244-38A9C3BE660A}.Release|x64.ActiveCfg = Release|x64
		{2332B22D-9636-43D5-8244-38A9C3BE660A}.Release|x64.Build.0 = Release|x64
		{2332B22D-9636-43D5-8244-38A9C3BE660A}.Release|x86.ActiveCfg = Release|Win32
		{2332B22D-9636-43D5-8244-38A9C3BE660A}.Release|x86.Build.0 = Release|Win32
		{E0B392A5-1C94-4F17-A79C-45754259523A}.Debug|ARM.ActiveCfg = Debug|x64
		{E0B392A5-1C94-4F17-A79C-45754259523A}.Debug|ARM.Build.0 = Debug|x64
		{E0B392A5-1C94-4F17-A79C-45754259523A}.Debug|ARM64.ActiveCfg = Debug|x64
		{E0B392A5-1C94-4F17-A79C-45754259523A}.Debug|ARM64.Build.0 = Debug|x64
		{E0B392A5-1C94-4F17-A79C-45754259523A}.Debug|x64.ActiveCfg = Debug|x64
		{E0B392A5-1C94-4F17-A79C-45754259523A}.Debug|x64.Build.0 = Debug|x64
		{E0B392A5-1C94-4F17-A79C-45754259523A}.Debug|x86.ActiveCfg = Debug|Win32
		{E0B392A5-1C94-4F17-A79C-45754259523A}.Debug|x86.Build.0 = Debug|Win32
		{E0B392A5-1C94-4F17-A79C-45754259523A}.Release|ARM.ActiveCfg = Release|x64
		{E0B392A5-1C94-4F17-A79C-45754259523A}.Release|ARM.Build.0 = Release|x64
		{E0B392A5-1C94-4F17-A79C-45754259523A}.Release|ARM64.ActiveCfg = Release|x64
		{E0B392A5-1C94-4F17-A79C-45754259523A}.Release|ARM64.Build.0 = Release|x64
		{E0B392A5-1C94-4F17-A79C-45754259523A}.Release|x64.ActiveCfg = Release|x64
		{E0B392A5-1C94-4F17-A79C-45754259523A}.Release|x64.Build.0 = Release|x64
		{E0B392A5-1C94-4F17-A79C-45754259523A}.Release|x86.ActiveCfg = Release|Win32
		{E0B392A5-1C94-4F17-A79C-45754259523A}.Release|x86.Build.0 = Release|Win32
		{85FF4D6C-9476-48B7-A32F-DFED0AEA2117}.Debug|ARM.ActiveCfg = Debug|x64
		{85FF4D6C-9476-48B7-A32F-DFED0AEA2117}.Debug|ARM.Build.0 = Debug|x64
		{85FF4D6C-9476-48B7-A32F-DFED0AEA2117}.Debug|ARM64.ActiveCfg = Debug|x64
		{85FF4D6C-9476-48B7-A32F-DFED0AEA2117}.Debug|ARM64.Build.0 = Debug|x64
		{85FF4D6C-9476-48B7-A32F-DFED0AEA2117}.Debug|x64.ActiveCfg = Debug|x64
		{85FF4D6C-9476-48B7-A32F-DFED0AEA2117}.Debug|x64.Build.0 = Debug|x64
		{85FF4D6C-9476-48B7-A32F-DFED0AEA2117}.Debug|x86.ActiveCfg = Debug|Win32
		{85FF4D6C-9476-48B7-A32F-DFED0AEA2117}.Debug|x86.Build.0 = Debug|Win32
		{85FF4D6C-9476-48B7-A32F-DFED0AEA2117}.Release|ARM.ActiveCfg = Release|x64
		{85FF4D6C-9476-48B7-A32F-DFED0AEA2117}.Release|ARM.Build.0 = Release|x64
		{85FF4D6C-9476-48B7-A32F-DFED0AEA2117}.Release|ARM64.ActiveCfg = Release|x64
		{85FF4D6C-9476-48B7-A32F-DFED0AEA2117}.Release|ARM64.Build.0 = Release|x64
		{85FF4D6C-9476-48B7-A32F-DFED0AEA2117}.Release|x64.ActiveCfg = Release|x64
		{85FF4D6C-9476-48B7-A32F-DFED0AEA2117}.Release|x64.Build.0 = Release|x64
		{85FF4D6C-9476-48B7-A32F-DFED0AEA2117}.Release|x86.ActiveCfg = Release|Win32
		{85FF4D6C-9476-48B7-A32F-DFED0AEA2117}.Release|x86.Build.0 = Release|Win32
		{CB444FEC-9561-4C6C-A8EB-DAB3F095E492}.Debug|ARM.ActiveCfg = Debug|x64
		{CB444FEC-9561-4C6C-A8EB-DAB3F095E492}.Debug|ARM.Build.0 = Debug|x64
		{CB444FEC-9561-4C6C-A8EB-DAB3F095E492}.Debug|ARM64.ActiveCfg = Debug|x64
		{CB444FEC-9561-4C6C-A8EB-DAB3F095E492}.Debug|ARM64.Build.0 = Debug|x64
		{CB444FEC-9561-4C6C-A8EB-DAB3F095E492}.Debug|x64.ActiveCfg = Debug|x64
		{CB444FEC-9561-4C6C-A8EB-DAB3F095E492}.Debug|x64.Build.0 = Debug|x64
		{CB444FEC-9561-4C6C-A8EB-DAB3F095E492}.Debug|x86.ActiveCfg = Debug|Win32
		{CB444FEC-9561-4C6C-A8EB-DAB3F095E492}.Debug|x86.Build.0 = Debug|Win32
		{CB444FEC-9561-4C6C-A8EB-DAB3F095E492}.Release|ARM.ActiveCfg = Release|x64
		{CB444FEC-9561-4C6C-A8EB-DAB3F095E492}.Release|ARM.Build.0 = Release|x64
		{CB444FEC-9561-4C6C-A8EB-DAB3F095E492}.Release|ARM64.ActiveCfg = Release|x64
		{CB444FEC-9561-4C6C-A8EB-DAB3F095E492}.Release|ARM64.Build.0 = Release|x64
		{CB444FEC-9561-4C6C-A8EB-DAB3F095E492}.Release|x64.ActiveCfg = Release|x64
		{CB444FEC-9561-4C6C-A8EB-DAB3F095E492}.Release|x64.Build.0 = Release|x64
		{CB444FEC-9561-4C6C-A8EB-DAB3F095E492}.Release|x86.ActiveCfg = Release|Win32
		{CB444FEC-9561-4C6C-A8EB-DAB3F095E492}.Release|x86.Build.0 = Release|Win32
		{ED92C9E3-4253-428C-A76E-3E19DB256F0D}.Debug|ARM.ActiveCfg = Debug|x64
		{ED92C9E3-4253-428C-A76E-3E19DB256F0D}.Debug|ARM.Build.0 = Debug|x64
		{ED92C9E3-4253-428C-A76E-3E19DB256F0D}.Debug|ARM64.ActiveCfg = Debug|x64
		{ED92C9E3-4253-428C-A76E-3E19DB256F0D}.Debug|ARM64.Build.0 = Debug|x64
		{ED92C9E3-4253-428C-A76E-3E19DB256F0D}.Debug|x64.ActiveCfg = Debug|x64
		{ED92C9E3-4253-428C-A76E-3E19DB256F0D}.Debug|x64.Build.0 = Debug|x64
		{ED92C9E3-4253-428C-A76E-3E19DB256F0D}.Debug|x86.ActiveCfg = Debug|Win32
		{ED92C9E3-4253-428C-A76E-3E19DB256F0D}.Debug|x86.Build.0 = Debug|Win32
		{ED92C9E3-4253-428C-A76E-3E19DB256F0D}.Release|ARM.ActiveCfg = Release|x64
		{ED92C9E3-4253-428C-A76E-3E19DB256F0D}.Release|ARM.Build.0 = Release|x64
		{ED92C9E3-4253-428C-A76E-3E19DB256F0D}.Release|ARM64.ActiveCfg = Release|x64
		{ED92C9E3-4253-428C-A76E-3E19DB256F0D}.Release|ARM64.Build.0 = Release|x64
		{ED92C9E3-4253-428C-A76E-3E19DB256F0D}.Release|x64.ActiveCfg = Release|x64
		{ED92C9E3-4253-428C-A76E-3E19DB256F0D}.Release|x64.Build.0 = Release|x64
		{ED92C9E3-4253-428C-A76E-3E19DB256F0D}.Release|x86.ActiveCfg = Release|Win32
		{ED92C9E3-4253-428C-A76E-3E19DB256F0D}.Release|x86.Build.0 = Release|Win32
		{61A5859E-3F9F-494E-B005-F373F7BACAA4}.Debug|ARM.ActiveCfg = Debug|x64
		{61A5859E-3F9F-494E-B005-F373F7BACAA4}.Debug|ARM.Build.0 = Debug|x64
		{61A5859E-3F9F-494E-B005-F373F7BACAA4}.Debug|ARM64.ActiveCfg = Debug|x64
		{61A5859E-3F9F-494E-B005-F373F7BACAA4}.Debug|ARM64.Build.0 = Debug|x64
		{61A5859E-3F9F-494E-B005-F373F7BACAA4}.Debug|x64.ActiveCfg = Debug|x64
		{61A5859E-3F9F-494E-B005-F373F7BACAA4}.Debug|x64.Build.0 = Debug|x64
		{61A5859E-3F9F-494E-B005-F373F7BACAA4}.Debug|x86.ActiveCfg = Debug|Win32
		{61A5859E-3F9F-494E-B005-F373F7BACAA4}.Debug|x86.Build.0 = Debug|Win32
		{61A5859E-3F9F-494E-B005-F373F7BACAA4}.Release|ARM.ActiveCfg = Release|x64
		{61A5859E-3F9F-494E-B005-F373F7BACAA4}.Release|ARM.Build.0 = Release|x64
		{61A5859E-3F9F-494E-B005-F373F7BACAA4}.Release|ARM64.ActiveCfg = Release|x64
		{61A5859E-3F9F-494E-B005-F373F7BACAA4}.Release|ARM64.Build.0 = Release|x64
		{61A5859E-3F9F-494E-B005-F373F7BACAA4}.Release|x64.ActiveCfg = Release|x64
		{61A5859E-3F9F-494E-B005-F373F7BACAA4}.Release|x64.Build.0 = Release|x64
		{61A5859E-3F9F-494E-B005-F373F7BACAA4}.Release|x86.ActiveCfg = Release|Win32
		{61A5859E-3F9F-494E-B005-F373F7BACAA4}.Release|x86.Build.0 = Release|Win32
		{7F58BB25-5A4A-47BE-A429-AABF1DAFE6EF}.Debug|ARM.ActiveCfg = Debug|x64
		{7F58BB25-5A4A-47BE-A429-AABF1DAFE6EF}.Debug|ARM.Build.0 = Debug|x64
		{7F58BB25-5A4A-47BE-A429-AABF1DAFE6EF}.Debug|ARM64.ActiveCfg = Debug|x64
		{7F58BB25-5A4A-47BE-A429-AABF1DAFE6EF}.Debug|ARM64.Build.0 = Debug|x64
		{7F58BB25-5A4A-47BE-A429-AABF1DAFE6EF}.Debug|x64.ActiveCfg = Debug|x64
		{7F58BB25-5A4A-47BE-A429-AABF1DAFE6EF}.Debug|x64.Build.0 = Debug|x64
		{7F58BB25-5A4A-47BE-A429-AABF1DAFE6EF}.Debug|x86.ActiveCfg = Debug|Win32
		{7F58BB25-5A4A-47BE-A429-AABF1DAFE6EF}.Debug|x86.Build.0 = Debug|Win32
		{7F58BB25-5A4A-47BE-A429-AABF1DAFE6EF}.Release|ARM.ActiveCfg = Release|x64
		{7F58BB25-5A4A-47BE-A429-AABF1DAFE6EF}.Release|ARM.Build.0 = Release|x64
		{7F58BB25-5A4A-47BE-A429-AABF1DAFE6EF}.Release|ARM64.ActiveCfg = Release|x64
		{7F58BB25-5A4A-47BE-A429-AABF1DAFE6EF}.Release|ARM64.Build.0 = Release|x64
		{7F58BB25-5A4A-47BE-A429-AABF1DAFE6EF}.Release|x64.ActiveCfg = Release|x64
		{7F58BB25-5A4A-47BE-A429-AABF1DAFE6EF}.Release|x64.Build.0 = Release|x64
		{7F58BB25-5A4A-47BE-A429-AABF1DAFE6EF}.Release|x86.ActiveCfg = Release|Win32
		{7F58BB25-5A4A-47BE-A429-AABF1DAFE6EF}.Release|x86.Build.0 = Release|Win32
		{BFDDE417-29F9-47FC-AD11-CB50F32ACA96}.Debug|ARM.ActiveCfg = Debug|x64
		{BFDDE417-29F9-47FC-AD11-CB50F32ACA96}.Debug|ARM.Build.0 = Debug|x64
		{BFDDE417-29F9-47FC-AD11-CB50F32ACA96}.Debug|ARM64.ActiveCfg = Debug|x64
		{BFDDE417-29F9-47FC-AD11-CB50F32ACA96}.Debug|ARM64.Build.0 = Debug|x64
		{BFDDE417-29F9-47FC-AD11-CB50F32ACA96}.Debug|x64.ActiveCfg = Debug|x64
		{BFDDE417-29F9-47FC-AD11-CB50F32ACA96}.Debug|x64.Build.0 = Debug|x64
		{BFDDE417-29F9-47FC-AD11-CB50F32ACA96}.Debug|x86.ActiveCfg = Debug|Win32
		{BFDDE417-29F9-47FC-AD11-CB50F32ACA96}.Debug|x86.Build.0 = Debug|Win32
		{BFDDE417-29F9-47FC-AD11-CB50F32ACA96}.Release|ARM.ActiveCfg = Release|x64
		{BFDDE417-29F9-47FC-AD11-CB50F32ACA96}.Release|ARM.Build.0 = Release|x64
		{BFDDE417-29F9-47FC-AD11-CB50F32ACA96}.Release|ARM64.ActiveCfg = Release|x64
		{BFDDE417-29F9-47FC-AD11-CB50F32ACA96}.Release|ARM64.Build.0 = Release|x64
		{BFDDE417-29F9-47FC-AD11-CB50F32ACA96}.Release|x64.ActiveCfg = Release|x64
		{BFDDE417-29F9-47FC-AD11-CB50F32ACA96}.Release|x64.Build.0 = Release|x64
		{BFDDE417-29F9-47FC-AD11-CB50F32ACA96}.Release|x86.ActiveCfg = Release|Win32
		{BFDDE417-29F9-47FC-AD11-CB50F32ACA96}.Release|x86.Build.0 = Release|Win32
		{F419806A-C37D-4BE4-A71B-C337FAC0DDAF}.Debug|ARM.ActiveCfg = Debug|x64
		{F419806A-C37D-4BE4-A71B-C337FAC0DDAF}.Debug|ARM.Build.0 = Debug|x64
		{F419806A-C37D-4BE4-A71B-C337FAC0DDAF}.Debug|ARM64.ActiveCfg = Debug|x64
		{F419806A-C37D-4BE4-A71B-C337FAC0DDAF}.Debug|ARM64.Build.0 = Debug|x64
		{F419806A-C37D-4BE4-A71B-C337FAC0DDAF}.Debug|x64.ActiveCfg = Debug|x64
		{F419806A-C37D-4BE4-A71B-C337FAC0DDAF}.Debug|x64.Build.0 = Debug|x64
		{F419806A-C37D-4BE4-A71B-C337FAC0DDAF}.Debug|x86.ActiveCfg = Debug|Win32
		{F419806A-C37D-4BE4-A71B-C337FAC0DDAF}.Debug|x86.Build.0 = Debug|Win32
		{F419806A-C37D-4BE4-A71B-C337FAC0DDAF}.Release|ARM.ActiveCfg = Release|x64
		{F419806A-C37D-4BE4-A71B-C337FAC0DDAF}.Release|ARM.Build.0 = Release|x64
		{F419806A-C37D-4BE4-A71B-C337FAC0DDAF}.Release|ARM64.ActiveCfg = Release|x64
		{F419806A-C37D-4BE4-A71B-C337FAC0DDAF}.Release|ARM64.Build.0 = Release|x64
		{F419806A-C37D-4BE4-A71B-C337FAC0DDAF}.Release|x64.ActiveCfg = Release|x64
		{F419806A-C37D-4BE4-A71B-C337FAC0DDAF}.Release|x64.Build.0 = Release|x64
		{F419806A-C37D-4BE4-A71B-C337FAC0DDAF}.Release|x86.ActiveCfg = Release|Win32
		{F419806A-C37D-4BE4-A71B-C337FAC0DDAF}.Release|x86.Build.0 = Release|Win32
		{1DD42D85-3084-4CC1-8D99-6C8EDFC4B21B}.Debug|ARM.ActiveCfg = Debug|x64
		{1DD42D85-3084-4CC1-8D99-6C8EDFC4B21B}.Debug|ARM.Build.0 = Debug|x64
		{1DD42D85-3084-4CC1-8D99-6C8EDFC4B21B}.Debug|ARM64.ActiveCfg = Debug|x64
		{1DD42D85-3084-4CC1-8D99-6C8EDFC4B21B}.Debug|ARM64.Build.0 = Debug|x64
		{1DD42D85-3084-4CC1-8D99-6C8EDFC4B21B}.Debug|x64.ActiveCfg = Debug|x64
		{1DD42D85-3084-4CC1-8D99-6C8EDFC4B21B}.Debug|x64.Build.0 = Debug|x64
		{1DD42D85-3084-4CC1-8D99-6C8EDFC4B21B}.Debug|x86.ActiveCfg = Debug|Win32
		{1DD42D85-3084-4CC1-8D99-6C8EDFC4B21B}.Debug|x86.Build.0 = Debug|Win32
		{1DD42D85-3084-4CC1-8D99-6C8EDFC4B21B}.Release|ARM.ActiveCfg = Release|x64
		{1DD42D85-3084-4CC1-8D99-6C8EDFC4B21B}.Release|ARM.Build.0 = Release|x64
		{1DD42D85-3084-4CC1-8D99-6C8EDFC4B21B}.Release|ARM64.ActiveCfg = Release|x64
		{1DD42D85-3084-4CC1-8D99-6C8EDFC4B21B}.Release|ARM64.Build.0 = Release|x64
		{1DD42D85-3084-4CC1-8D99-6C8EDFC4B21B}.Release|x64.ActiveCfg = Release|x64
		{1DD42D85-3084-4CC1-8D99-6C8EDFC4B21B}.Release|x64.Build.0 = Release|x64
		{1DD42D85-3084-4CC1-8D99-6C8EDFC4B21B}.Release|x86.ActiveCfg = Release|Win32
		{1DD42D85-3084-4CC1-8D99-6C8EDFC4B21B}.Release|x86.Build.0 = Release|Win32
		{B7F3A6F1-0359-4427-925D-4A6D1C979B61}.Debug|ARM.ActiveCfg = Debug|ARM
		{B7F3A6F1-0359-4427-925D-4A6D1C979B61}.Debug|ARM.Build.0 = Debug|ARM
		{B7F3A6F1-0359-4427-925D-4A6D1C979B61}.Debug|ARM64.ActiveCfg = Debug|ARM64
		{B7F3A6F1-0359-4427-925D-4A6D1C979B61}.Debug|ARM64.Build.0 = Debug|ARM64
		{B7F3A6F1-0359-4427-925D-4A6D1C979B61}.Debug|x64.ActiveCfg = Debug|x64
		{B7F3A6F1-0359-4427-925D-4A6D1C979B61}.Debug|x64.Build.0 = Debug|x64
		{B7F3A6F1-0359-4427-925D-4A6D1C979B61}.Debug|x86.ActiveCfg = Debug|x86
		{B7F3A6F1-0359-4427-925D-4A6D1C979B61}.Debug|x86.Build.0 = Debug|x86
		{B7F3A6F1-0359-4427-925D-4A6D1C979B61}.Release|ARM.ActiveCfg = Release|ARM
		{B7F3A6F1-0359-4427-925D-4A6D1C979B61}.Release|ARM.Build.0 = Release|ARM
		{B7F3A6F1-0359-4427-925D-4A6D1C979B61}.Release|ARM64.ActiveCfg = Release|ARM64
		{B7F3A6F1-0359-4427-925D-4A6D1C979B61}.Release|ARM64.Build.0 = Release|ARM64
		{B7F3A6F1-0359-4427-925D-4A6D1C979B61}.Release|x64.ActiveCfg = Release|x64
		{B7F3A6F1-0359-4427-925D-4A6D1C979B61}.Release|x64.Build.0 = Release|x64
		{B7F3A6F1-0359-4427-925D-4A6D1C979B61}.Release|x86.ActiveCfg = Release|x86
		{B7F3A6F1-0359-4427-925D-4A6D1C979B61}.Release|x86.Build.0 = Release|x86
		{B7BE417C-B6C5-4A69-A056-E0CB0C6A344C}.Debug|ARM.ActiveCfg = Debug|ARM
		{B7BE417C-B6C5-4A69-A056-E0CB0C6A344C}.Debug|ARM.Build.0 = Debug|ARM
		{B7BE417C-B6C5-4A69-A056-E0CB0C6A344C}.Debug|ARM64.ActiveCfg = Debug|ARM64
		{B7BE417C-B6C5-4A69-A056-E0CB0C6A344C}.Debug|ARM64.Build.0 = Debug|ARM64
		{B7BE417C-B6C5-4A69-A056-E0CB0C6A344C}.Debug|x64.ActiveCfg = Debug|x64
		{B7BE417C-B6C5-4A69-A056-E0CB0C6A344C}.Debug|x64.Build.0 = Debug|x64
		{B7BE417C-B6C5-4A69-A056-E0CB0C6A344C}.Debug|x86.ActiveCfg = Debug|x86
		{B7BE417C-B6C5-4A69-A056-E0CB0C6A344C}.Debug|x86.Build.0 = Debug|x86
		{B7BE417C-B6C5-4A69-A056-E0CB0C6A344C}.Release|ARM.ActiveCfg = Release|ARM
		{B7BE417C-B6C5-4A69-A056-E0CB0C6A344C}.Release|ARM.Build.0 = Release|ARM
		{B7BE417C-B6C5-4A69-A056-E0CB0C6A344C}.Release|ARM64.ActiveCfg = Release|ARM64
		{B7BE417C-B6C5-4A69-A056-E0CB0C6A344C}.Release|ARM64.Build.0 = Release|ARM64
		{B7BE417C-B6C5-4A69-A056-E0CB0C6A344C}.Release|x64.ActiveCfg = Release|x64
		{B7BE417C-B6C5-4A69-A056-E0CB0C6A344C}.Release|x64.Build.0 = Release|x64
		{B7BE417C-B6C5-4A69-A056-E0CB0C6A344C}.Release|x86.ActiveCfg = Release|x86
		{B7BE417C-B6C5-4A69-A056-E0CB0C6A344C}.Release|x86.Build.0 = Release|x86
		{F38408B0-8D17-4D2B-AEB4-5FA30B7F6373}.Debug|ARM.ActiveCfg = Debug|ARM
		{F38408B0-8D17-4D2B-AEB4-5FA30B7F6373}.Debug|ARM.Build.0 = Debug|ARM
		{F38408B0-8D17-4D2B-AEB4-5FA30B7F6373}.Debug|ARM.Deploy.0 = Debug|ARM
		{F38408B0-8D17-4D2B-AEB4-5FA30B7F6373}.Debug|ARM64.ActiveCfg = Debug|ARM64
		{F38408B0-8D17-4D2B-AEB4-5FA30B7F6373}.Debug|ARM64.Build.0 = Debug|ARM64
		{F38408B0-8D17-4D2B-AEB4-5FA30B7F6373}.Debug|ARM64.Deploy.0 = Debug|ARM64
		{F38408B0-8D17-4D2B-AEB4-5FA30B7F6373}.Debug|x64.ActiveCfg = Debug|x64
		{F38408B0-8D17-4D2B-AEB4-5FA30B7F6373}.Debug|x64.Build.0 = Debug|x64
		{F38408B0-8D17-4D2B-AEB4-5FA30B7F6373}.Debug|x64.Deploy.0 = Debug|x64
		{F38408B0-8D17-4D2B-AEB4-5FA30B7F6373}.Debug|x86.ActiveCfg = Debug|x86
		{F38408B0-8D17-4D2B-AEB4-5FA30B7F6373}.Debug|x86.Build.0 = Debug|x86
		{F38408B0-8D17-4D2B-AEB4-5FA30B7F6373}.Debug|x86.Deploy.0 = Debug|x86
		{F38408B0-8D17-4D2B-AEB4-5FA30B7F6373}.Release|ARM.ActiveCfg = Release|ARM
		{F38408B0-8D17-4D2B-AEB4-5FA30B7F6373}.Release|ARM.Build.0 = Release|ARM
		{F38408B0-8D17-4D2B-AEB4-5FA30B7F6373}.Release|ARM.Deploy.0 = Release|ARM
		{F38408B0-8D17-4D2B-AEB4-5FA30B7F6373}.Release|ARM64.ActiveCfg = Release|ARM64
		{F38408B0-8D17-4D2B-AEB4-5FA30B7F6373}.Release|ARM64.Build.0 = Release|ARM64
		{F38408B0-8D17-4D2B-AEB4-5FA30B7F6373}.Release|ARM64.Deploy.0 = Release|ARM64
		{F38408B0-8D17-4D2B-AEB4-5FA30B7F6373}.Release|x64.ActiveCfg = Release|x64
		{F38408B0-8D17-4D2B-AEB4-5FA30B7F6373}.Release|x64.Build.0 = Release|x64
		{F38408B0-8D17-4D2B-AEB4-5FA30B7F6373}.Release|x64.Deploy.0 = Release|x64
		{F38408B0-8D17-4D2B-AEB4-5FA30B7F6373}.Release|x86.ActiveCfg = Release|x86
		{F38408B0-8D17-4D2B-AEB4-5FA30B7F6373}.Release|x86.Build.0 = Release|x86
		{F38408B0-8D17-4D2B-AEB4-5FA30B7F6373}.Release|x86.Deploy.0 = Release|x86
		{03A9401D-CEFF-4F5E-A7B4-FC2A0D9F6C95}.Debug|ARM.ActiveCfg = Debug|ARM
		{03A9401D-CEFF-4F5E-A7B4-FC2A0D9F6C95}.Debug|ARM.Build.0 = Debug|ARM
		{03A9401D-CEFF-4F5E-A7B4-FC2A0D9F6C95}.Debug|ARM64.ActiveCfg = Debug|ARM64
		{03A9401D-CEFF-4F5E-A7B4-FC2A0D9F6C95}.Debug|ARM64.Build.0 = Debug|ARM64
		{03A9401D-CEFF-4F5E-A7B4-FC2A0D9F6C95}.Debug|x64.ActiveCfg = Debug|x64
		{03A9401D-CEFF-4F5E-A7B4-FC2A0D9F6C95}.Debug|x64.Build.0 = Debug|x64
		{03A9401D-CEFF-4F5E-A7B4-FC2A0D9F6C95}.Debug|x86.ActiveCfg = Debug|x86
		{03A9401D-CEFF-4F5E-A7B4-FC2A0D9F6C95}.Debug|x86.Build.0 = Debug|x86
		{03A9401D-CEFF-4F5E-A7B4-FC2A0D9F6C95}.Release|ARM.ActiveCfg = Release|ARM
		{03A9401D-CEFF-4F5E-A7B4-FC2A0D9F6C95}.Release|ARM.Build.0 = Release|ARM
		{03A9401D-CEFF-4F5E-A7B4-FC2A0D9F6C95}.Release|ARM64.ActiveCfg = Release|ARM64
		{03A9401D-CEFF-4F5E-A7B4-FC2A0D9F6C95}.Release|ARM64.Build.0 = Release|ARM64
		{03A9401D-CEFF-4F5E-A7B4-FC2A0D9F6C95}.Release|x64.ActiveCfg = Release|x64
		{03A9401D-CEFF-4F5E-A7B4-FC2A0D9F6C95}.Release|x64.Build.0 = Release|x64
		{03A9401D-CEFF-4F5E-A7B4-FC2A0D9F6C95}.Release|x86.ActiveCfg = Release|x86
		{03A9401D-CEFF-4F5E-A7B4-FC2A0D9F6C95}.Release|x86.Build.0 = Release|x86
		{8572235C-B335-40DD-BA5F-9954BEDC4BFC}.Debug|ARM.ActiveCfg = Debug|ARM
		{8572235C-B335-40DD-BA5F-9954BEDC4BFC}.Debug|ARM.Build.0 = Debug|ARM
		{8572235C-B335-40DD-BA5F-9954BEDC4BFC}.Debug|ARM64.ActiveCfg = Debug|ARM64
		{8572235C-B335-40DD-BA5F-9954BEDC4BFC}.Debug|ARM64.Build.0 = Debug|ARM64
		{8572235C-B335-40DD-BA5F-9954BEDC4BFC}.Debug|x64.ActiveCfg = Debug|x64
		{8572235C-B335-40DD-BA5F-9954BEDC4BFC}.Debug|x64.Build.0 = Debug|x64
		{8572235C-B335-40DD-BA5F-9954BEDC4BFC}.Debug|x86.ActiveCfg = Debug|x86
		{8572235C-B335-40DD-BA5F-9954BEDC4BFC}.Debug|x86.Build.0 = Debug|x86
		{8572235C-B335-40DD-BA5F-9954BEDC4BFC}.Release|ARM.ActiveCfg = Release|ARM
		{8572235C-B335-40DD-BA5F-9954BEDC4BFC}.Release|ARM.Build.0 = Release|ARM
		{8572235C-B335-40DD-BA5F-9954BEDC4BFC}.Release|ARM64.ActiveCfg = Release|ARM64
		{8572235C-B335-40DD-BA5F-9954BEDC4BFC}.Release|ARM64.Build.0 = Release|ARM64
		{8572235C-B335-40DD-BA5F-9954BEDC4BFC}.Release|x64.ActiveCfg = Release|x64
		{8572235C-B335-40DD-BA5F-9954BEDC4BFC}.Release|x64.Build.0 = Release|x64
		{8572235C-B335-40DD-BA5F-9954BEDC4BFC}.Release|x86.ActiveCfg = Release|x86
		{8572235C-B335-40DD-BA5F-9954BEDC4BFC}.Release|x86.Build.0 = Release|x86
		{654D6F15-267A-423D-8606-351C153C4E3D}.Debug|ARM.ActiveCfg = Debug|ARM
		{654D6F15-267A-423D-8606-351C153C4E3D}.Debug|ARM.Build.0 = Debug|ARM
		{654D6F15-267A-423D-8606-351C153C4E3D}.Debug|ARM64.ActiveCfg = Debug|ARM64
		{654D6F15-267A-423D-8606-351C153C4E3D}.Debug|ARM64.Build.0 = Debug|ARM64
		{654D6F15-267A-423D-8606-351C153C4E3D}.Debug|x64.ActiveCfg = Debug|x64
		{654D6F15-267A-423D-8606-351C153C4E3D}.Debug|x64.Build.0 = Debug|x64
		{654D6F15-267A-423D-8606-351C153C4E3D}.Debug|x86.ActiveCfg = Debug|x86
		{654D6F15-267A-423D-8606-351C153C4E3D}.Debug|x86.Build.0 = Debug|x86
		{654D6F15-267A-423D-8606-351C153C4E3D}.Release|ARM.ActiveCfg = Release|ARM
		{654D6F15-267A-423D-8606-351C153C4E3D}.Release|ARM.Build.0 = Release|ARM
		{654D6F15-267A-423D-8606-351C153C4E3D}.Release|ARM64.ActiveCfg = Release|ARM64
		{654D6F15-267A-423D-8606-351C153C4E3D}.Release|ARM64.Build.0 = Release|ARM64
		{654D6F15-267A-423D-8606-351C153C4E3D}.Release|x64.ActiveCfg = Release|x64
		{654D6F15-267A-423D-8606-351C153C4E3D}.Release|x64.Build.0 = Release|x64
		{654D6F15-267A-423D-8606-351C153C4E3D}.Release|x86.ActiveCfg = Release|x86
		{654D6F15-267A-423D-8606-351C153C4E3D}.Release|x86.Build.0 = Release|x86
		{B6BF4A27-9AC4-4157-BCE8-9E19EC045CEC}.Debug|ARM.ActiveCfg = Debug|x64
		{B6BF4A27-9AC4-4157-BCE8-9E19EC045CEC}.Debug|ARM.Build.0 = Debug|x64
		{B6BF4A27-9AC4-4157-BCE8-9E19EC045CEC}.Debug|ARM64.ActiveCfg = Debug|x64
		{B6BF4A27-9AC4-4157-BCE8-9E19EC045CEC}.Debug|ARM64.Build.0 = Debug|x64
		{B6BF4A27-9AC4-4157-BCE8-9E19EC045CEC}.Debug|x64.ActiveCfg = Debug|x64
		{B6BF4A27-9AC4-4157-BCE8-9E19EC045CEC}.Debug|x64.Build.0 = Debug|x64
		{B6BF4A27-9AC4-4157-BCE8-9E19EC045CEC}.Debug|x86.ActiveCfg = Debug|Win32
		{B6BF4A27-9AC4-4157-BCE8-9E19EC045CEC}.Debug|x86.Build.0 = Debug|Win32
		{B6BF4A27-9AC4-4157-BCE8-9E19EC045CEC}.Release|ARM.ActiveCfg = Release|x64
		{B6BF4A27-9AC4-4157-BCE8-9E19EC045CEC}.Release|ARM.Build.0 = Release|x64
		{B6BF4A27-9AC4-4157-BCE8-9E19EC045CEC}.Release|ARM64.ActiveCfg = Release|x64
		{B6BF4A27-9AC4-4157-BCE8-9E19EC045CEC}.Release|ARM64.Build.0 = Release|x64
		{B6BF4A27-9AC4-4157-BCE8-9E19EC045CEC}.Release|x64.ActiveCfg = Release|x64
		{B6BF4A27-9AC4-4157-BCE8-9E19EC045CEC}.Release|x64.Build.0 = Release|x64
		{B6BF4A27-9AC4-4157-BCE8-9E19EC045CEC}.Release|x86.ActiveCfg = Release|Win32
		{B6BF4A27-9AC4-4157-BCE8-9E19EC045CEC}.Release|x86.Build.0 = Release|Win32
		{14C4C454-2162-4C7F-924D-4C86DD549A5D}.Debug|ARM.ActiveCfg = Debug|x64
		{14C4C454-2162-4C7F-924D-4C86DD549A5D}.Debug|ARM.Build.0 = Debug|x64
		{14C4C454-2162-4C7F-924D-4C86DD549A5D}.Debug|ARM64.ActiveCfg = Debug|x64
		{14C4C454-2162-4C7F-924D-4C86DD549A5D}.Debug|ARM64.Build.0 = Debug|x64
		{14C4C454-2162-4C7F-924D-4C86DD549A5D}.Debug|x64.ActiveCfg = Debug|x64
		{14C4C454-2162-4C7F-924D-4C86DD549A5D}.Debug|x64.Build.0 = Debug|x64
		{14C4C454-2162-4C7F-924D-4C86DD549A5D}.Debug|x86.ActiveCfg = Debug|Win32
		{14C4C454-2162-4C7F-924D-4C86DD549A5D}.Debug|x86.Build.0 = Debug|Win32
		{14C4C454-2162-4C7F-924D-4C86DD549A5D}.Release|ARM.ActiveCfg = Release|x64
		{14C4C454-2162-4C7F-924D-4C86DD549A5D}.Release|ARM.Build.0 = Release|x64
		{14C4C454-2162-4C7F-924D-4C86DD549A5D}.Release|ARM64.ActiveCfg = Release|x64
		{14C4C454-2162-4C7F-924D-4C86DD549A5D}.Release|ARM64.Build.0 = Release|x64
		{14C4C454-2162-4C7F-924D-4C86DD549A5D}.Release|x64.ActiveCfg = Release|x64
		{14C4C454-2162-4C7F-924D-4C86DD549A5D}.Release|x64.Build.0 = Release|x64
		{14C4C454-2162-4C7F-924D-4C86DD549A5D}.Release|x86.ActiveCfg = Release|Win32
		{14C4C454-2162-4C7F-924D-4C86DD549A5D}.Release|x86.Build.0 = Release|Win32
		{D11F39D8-CBF5-49C6-A713-F0AE1B6A2D55}.Debug|ARM.ActiveCfg = Debug|x64
		{D11F39D8-CBF5-49C6-A713-F0AE1B6A2D55}.Debug|ARM.Build.0 = Debug|x64
		{D11F39D8-CBF5-49C6-A713-F0AE1B6A2D55}.Debug|ARM64.ActiveCfg = Debug|x64
		{D11F39D8-CBF5-49C6-A713-F0AE1B6A2D55}.Debug|ARM64.Build.0 = Debug|x64
		{D11F39D8-CBF5-49C6-A713-F0AE1B6A2D55}.Debug|x64.ActiveCfg = Debug|x64
		{D11F39D8-CBF5-49C6-A713-F0AE1B6A2D55}.Debug|x64.Build.0 = Debug|x64
		{D11F39D8-CBF5-49C6-A713-F0AE1B6A2D55}.Debug|x86.ActiveCfg = Debug|Win32
		{D11F39D8-CBF5-49C6-A713-F0AE1B6A2D55}.Debug|x86.Build.0 = Debug|Win32
		{D11F39D8-CBF5-49C6-A713-F0AE1B6A2D55}.Release|ARM.ActiveCfg = Release|x64
		{D11F39D8-CBF5-49C6-A713-F0AE1B6A2D55}.Release|ARM.Build.0 = Release|x64
		{D11F39D8-CBF5-49C6-A713-F0AE1B6A2D55}.Release|ARM64.ActiveCfg = Release|x64
		{D11F39D8-CBF5-49C6-A713-F0AE1B6A2D55}.Release|ARM64.Build.0 = Release|x64
		{D11F39D8-CBF5-49C6-A713-F0AE1B6A2D55}.Release|x64.ActiveCfg = Release|x64
		{D11F39D8-CBF5-49C6-A713-F0AE1B6A2D55}.Release|x64.Build.0 = Release|x64
		{D11F39D8-CBF5-49C6-A713-F0AE1B6A2D55}.Release|x86.ActiveCfg = Release|Win32
		{D11F39D8-CBF5-49C6-A713-F0AE1B6A2D55}.Release|x86.Build.0 = Release|Win32
		{7CB16BAC-0B39-41F0-A334-EA15F5F0B210}.Debug|ARM.ActiveCfg = Debug|x64
		{7CB16BAC-0B39-41F0-A334-EA15F5F0B210}.Debug|ARM.Build.0 = Debug|x64
		{7CB16BAC-0B39-41F0-A334-EA15F5F0B210}.Debug|ARM64.ActiveCfg = Debug|x64
		{7CB16BAC-0B39-41F0-A334-EA15F5F0B210}.Debug|ARM64.Build.0 = Debug|x64
		{7CB16BAC-0B39-41F0-A334-EA15F5F0B210}.Debug|x64.ActiveCfg = Debug|x64
		{7CB16BAC-0B39-41F0-A334-EA15F5F0B210}.Debug|x64.Build.0 = Debug|x64
		{7CB16BAC-0B39-41F0-A334-EA15F5F0B210}.Debug|x86.ActiveCfg = Debug|Win32
		{7CB16BAC-0B39-41F0-A334-EA15F5F0B210}.Debug|x86.Build.0 = Debug|Win32
		{7CB16BAC-0B39-41F0-A334-EA15F5F0B210}.Release|ARM.ActiveCfg = Release|x64
		{7CB16BAC-0B39-41F0-A334-EA15F5F0B210}.Release|ARM.Build.0 = Release|x64
		{7CB16BAC-0B39-41F0-A334-EA15F5F0B210}.Release|ARM64.ActiveCfg = Release|x64
		{7CB16BAC-0B39-41F0-A334-EA15F5F0B210}.Release|ARM64.Build.0 = Release|x64
		{7CB16BAC-0B39-41F0-A334-EA15F5F0B210}.Release|x64.ActiveCfg = Release|x64
		{7CB16BAC-0B39-41F0-A334-EA15F5F0B210}.Release|x64.Build.0 = Release|x64
		{7CB16BAC-0B39-41F0-A334-EA15F5F0B210}.Release|x86.ActiveCfg = Release|Win32
		{7CB16BAC-0B39-41F0-A334-EA15F5F0B210}.Release|x86.Build.0 = Release|Win32
		{61C7DA41-9FED-4BF9-BFB9-37E89A29835A}.Debug|ARM.ActiveCfg = Debug|x64
		{61C7DA41-9FED-4BF9-BFB9-37E89A29835A}.Debug|ARM.Build.0 = Debug|x64
		{61C7DA41-9FED-4BF9-BFB9-37E89A29835A}.Debug|ARM64.ActiveCfg = Debug|x64
		{61C7DA41-9FED-4BF9-BFB9-37E89A29835A}.Debug|ARM64.Build.0 = Debug|x64
		{61C7DA41-9FED-4BF9-BFB9-37E89A29835A}.Debug|x64.ActiveCfg = Debug|x64
		{61C7DA41-9FED-4BF9-BFB9-37E89A29835A}.Debug|x64.Build.0 = Debug|x64
		{61C7DA41-9FED-4BF9-BFB9-37E89A29835A}.Debug|x86.ActiveCfg = Debug|Win32
		{61C7DA41-9FED-4BF9-BFB9-37E89A29835A}.Debug|x86.Build.0 = Debug|Win32
		{61C7DA41-9FED-4BF9-BFB9-37E89A29835A}.Release|ARM.ActiveCfg = Release|x64
		{61C7DA41-9FED-4BF9-BFB9-37E89A29835A}.Release|ARM.Build.0 = Release|x64
		{61C7DA41-9FED-4BF9-BFB9-37E89A29835A}.Release|ARM64.ActiveCfg = Release|x64
		{61C7DA41-9FED-4BF9-BFB9-37E89A29835A}.Release|ARM64.Build.0 = Release|x64
		{61C7DA41-9FED-4BF9-BFB9-37E89A29835A}.Release|x64.ActiveCfg = Release|x64
		{61C7DA41-9FED-4BF9-BFB9-37E89A29835A}.Release|x64.Build.0 = Release|x64
		{61C7DA41-9FED-4BF9-BFB9-37E89A29835A}.Release|x86.ActiveCfg = Release|Win32
		{61C7DA41-9FED-4BF9-BFB9-37E89A29835A}.Release|x86.Build.0 = Release|Win32
		{A650F957-9758-47F6-B515-DA3B9C6FC4F7}.Debug|ARM.ActiveCfg = Debug|x64
		{A650F957-9758-47F6-B515-DA3B9C6FC4F7}.Debug|ARM.Build.0 = Debug|x64
		{A650F957-9758-47F6-B515-DA3B9C6FC4F7}.Debug|ARM64.ActiveCfg = Debug|x64
		{A650F957-9758-47F6-B515-DA3B9C6FC4F7}.Debug|ARM64.Build.0 = Debug|x64
		{A650F957-9758-47F6-B515-DA3B9C6FC4F7}.Debug|x64.ActiveCfg = Debug|x64
		{A650F957-9758-47F6-B515-DA3B9C6FC4F7}.Debug|x64.Build.0 = Debug|x64
		{A650F957-9758-47F6-B515-DA3B9C6FC4F7}.Debug|x86.ActiveCfg = Debug|Win32
		{A650F957-9758-47F6-B515-DA3B9C6FC4F7}.Debug|x86.Build.0 = Debug|Win32
		{A650F957-9758-47F6-B515-DA3B9C6FC4F7}.Release|ARM.ActiveCfg = Release|x64
		{A650F957-9758-47F6-B515-DA3B9C6FC4F7}.Release|ARM.Build.0 = Release|x64
		{A650F957-9758-47F6-B515-DA3B9C6FC4F7}.Release|ARM64.ActiveCfg = Release|x64
		{A650F957-9758-47F6-B515-DA3B9C6FC4F7}.Release|ARM64.Build.0 = Release|x64
		{A650F957-9758-47F6-B515-DA3B9C6FC4F7}.Release|x64.ActiveCfg = Release|x64
		{A650F957-9758-47F6-B515-DA3B9C6FC4F7}.Release|x64.Build.0 = Release|x64
		{A650F957-9758-47F6-B515-DA3B9C6FC4F7}.Release|x86.ActiveCfg = Release|Win32
		{A650F957-9758-47F6-B515-DA3B9C6FC4F7}.Release|x86.Build.0 = Release|Win32
		{3B9A2D9F-E922-41FD-A23C-5C25084746B1}.Debug|ARM.ActiveCfg = Debug|x64
		{3B9A2D9F-E922-41FD-A23C-5C25084746B1}.Debug|ARM.Build.0 = Debug|x64
		{3B9A2D9F-E922-41FD-A23C-5C25084746B1}.Debug|ARM64.ActiveCfg = Debug|x64
		{3B9A2D9F-E922-41FD-A23C-5C25084746B1}.Debug|ARM64.Build.0 = Debug|x64
		{3B9A2D9F-E922-41FD-A23C-5C25084746B1}.Debug|x64.ActiveCfg = Debug|x64
		{3B9A2D9F-E922-41FD-A23C-5C25084746B1}.Debug|x64.Build.0 = Debug|x64
		{3B9A2D9F-E922-41FD-A23C-5C25084746B1}.Debug|x86.ActiveCfg = Debug|Win32
		{3B9A2D9F-E922-41FD-A23C-5C25084746B1}.Debug|x86.Build.0 = Debug|Win32
		{3B9A2D9F-E922-41FD-A23C-5C25084746B1}.Release|ARM.ActiveCfg = Release|x64
		{3B9A2D9F-E922-41FD-A23C-5C25084746B1}.Release|ARM.Build.0 = Release|x64
		{3B9A2D9F-E922-41FD-A23C-5C25084746B1}.Release|ARM64.ActiveCfg = Release|x64
		{3B9A2D9F-E922-41FD-A23C-5C25084746B1}.Release|ARM64.Build.0 = Release|x64
		{3B9A2D9F-E922-41FD-A23C-5C25084746B1}.Release|x64.ActiveCfg = Release|x64
		{3B9A2D9F-E922-41FD-A23C-5C25084746B1}.Release|x64.Build.0 = Release|x64
		{3B9A2D9F-E922-41FD-A23C-5C25084746B1}.Release|x86.ActiveCfg = Release|Win32
		{3B9A2D9F-E922-41FD-A23C-5C25084746B1}.Release|x86.Build.0 = Release|Win32
		{944760B4-48A0-41E4-BB85-7925DBEE1D91}.Debug|ARM.ActiveCfg = Debug|x64
		{944760B4-48A0-41E4-BB85-7925DBEE1D91}.Debug|ARM.Build.0 = Debug|x64
		{944760B4-48A0-41E4-BB85-7925DBEE1D91}.Debug|ARM64.ActiveCfg = Debug|x64
		{944760B4-48A0-41E4-BB85-7925DBEE1D91}.Debug|ARM64.Build.0 = Debug|x64
		{944760B4-48A0-41E4-BB85-7925DBEE1D91}.Debug|x64.ActiveCfg = Debug|x64
		{944760B4-48A0-41E4-BB85-7925DBEE1D91}.Debug|x64.Build.0 = Debug|x64
		{944760B4-48A0-41E4-BB85-7925DBEE1D91}.Debug|x86.ActiveCfg = Debug|Win32
		{944760B4-48A0-41E4-BB85-7925DBEE1D91}.Debug|x86.Build.0 = Debug|Win32
		{944760B4-48A0-41E4-BB85-7925DBEE1D91}.Release|ARM.ActiveCfg = Release|x64
		{944760B4-48A0-41E4-BB85-7925DBEE1D91}.Release|ARM.Build.0 = Release|x64
		{944760B4-48A0-41E4-BB85-7925DBEE1D91}.Release|ARM64.ActiveCfg = Release|x64
		{944760B4-48A0-41E4-BB85-7925DBEE1D91}.Release|ARM64.Build.0 = Release|x64
		{944760B4-48A0-41E4-BB85-7925DBEE1D91}.Release|x64.ActiveCfg = Release|x64
		{944760B4-48A0-41E4-BB85-7925DBEE1D91}.Release|x64.Build.0 = Release|x64
		{944760B4-48A0-41E4-BB85-7925DBEE1D91}.Release|x86.ActiveCfg = Release|Win32
		{944760B4-48A0-41E4-BB85-7925DBEE1D91}.Release|x86.Build.0 = Release|Win32
		{08538679-CF6B-405F-B773-918821B09B55}.Debug|ARM.ActiveCfg = Debug|x64
		{08538679-CF6B-405F-B773-918821B09B55}.Debug|ARM.Build.0 = Debug|x64
		{08538679-CF6B-405F-B773-918821B09B55}.Debug|ARM64.ActiveCfg = Debug|x64
		{08538679-CF6B-405F-B773-918821B09B55}.Debug|ARM64.Build.0 = Debug|x64
		{08538679-CF6B-405F-B773-918821B09B55}.Debug|x64.ActiveCfg = Debug|x64
		{08538679-CF6B-405F-B773-918821B09B55}.Debug|x64.Build.0 = Debug|x64
		{08538679-CF6B-405F-B773-918821B09B55}.Debug|x86.ActiveCfg = Debug|Win32
		{08538679-CF6B-405F-B773-918821B09B55}.Debug|x86.Build.0 = Debug|Win32
		{08538679-CF6B-405F-B773-918821B09B55}.Release|ARM.ActiveCfg = Release|x64
		{08538679-CF6B-405F-B773-918821B09B55}.Release|ARM.Build.0 = Release|x64
		{08538679-CF6B-405F-B773-918821B09B55}.Release|ARM64.ActiveCfg = Release|x64
		{08538679-CF6B-405F-B773-918821B09B55}.Release|ARM64.Build.0 = Release|x64
		{08538679-CF6B-405F-B773-918821B09B55}.Release|x64.ActiveCfg = Release|x64
		{08538679-CF6B-405F-B773-918821B09B55}.Release|x64.Build.0 = Release|x64
		{08538679-CF6B-405F-B773-918821B09B55}.Release|x86.ActiveCfg = Release|Win32
		{08538679-CF6B-405F-B773-918821B09B55}.Release|x86.Build.0 = Release|Win32
		{B87891B1-7729-4E1B-8691-23108F721AA0}.Debug|ARM.ActiveCfg = Debug|x64
		{B87891B1-7729-4E1B-8691-23108F721AA0}.Debug|ARM.Build.0 = Debug|x64
		{B87891B1-7729-4E1B-8691-23108F721AA0}.Debug|ARM64.ActiveCfg = Debug|x64
		{B87891B1-7729-4E1B-8691-23108F721AA0}.Debug|ARM64.Build.0 = Debug|x64
		{B87891B1-7729-4E1B-8691-23108F721AA0}.Debug|x64.ActiveCfg = Debug|x64
		{B87891B1-7729-4E1B-8691-23108F721AA0}.Debug|x64.Build.0 = Debug|x64
		{B87891B1-7729-4E1B-8691-23108F721AA0}.Debug|x86.ActiveCfg = Debug|Win32
		{B87891B1-7729-4E1B-8691-23108F721AA0}.Debug|x86.Build.0 = Debug|Win32
		{B87891B1-7729-4E1B-8691-23108F721AA0}.Release|ARM.ActiveCfg = Release|x64
		{B87891B1-7729-4E1B-8691-23108F721AA0}.Release|ARM.Build.0 = Release|x64
		{B87891B1-7729-4E1B-8691-23108F721AA0}.Release|ARM64.ActiveCfg = Release|x64
		{B87891B1-7729-4E1B-8691-23108F721AA0}.Release|ARM64.Build.0 = Release|x64
		{B87891B1-7729-4E1B-8691-23108F721AA0}.Release|x64.ActiveCfg = Release|x64
		{B87891B1-7729-4E1B-8691-23108F721AA0}.Release|x64.Build.0 = Release|x64
		{B87891B1-7729-4E1B-8691-23108F721AA0}.Release|x86.ActiveCfg = Release|Win32
		{B87891B1-7729-4E1B-8691-23108F721AA0}.Release|x86.Build.0 = Release|Win32
		{AD3DCE40-34BA-4020-9374-04FA485451FD}.Debug|ARM.ActiveCfg = Debug|x64
		{AD3DCE40-34BA-4020-9374-04FA485451FD}.Debug|ARM.Build.0 = Debug|x64
		{AD3DCE40-34BA-4020-9374-04FA485451FD}.Debug|ARM64.ActiveCfg = Debug|x64
		{AD3DCE40-34BA-4020-9374-04FA485451FD}.Debug|ARM64.Build.0 = Debug|x64
		{AD3DCE40-34BA-4020-9374-04FA485451FD}.Debug|x64.ActiveCfg = Debug|x64
		{AD3DCE40-34BA-4020-9374-04FA485451FD}.Debug|x64.Build.0 = Debug|x64
		{AD3DCE40-34BA-4020-9374-04FA485451FD}.Debug|x86.ActiveCfg = Debug|Win32
		{AD3DCE40-34BA-4020-9374-04FA485451FD}.Debug|x86.Build.0 = Debug|Win32
		{AD3DCE40-34BA-4020-9374-04FA485451FD}.Release|ARM.ActiveCfg = Release|x64
		{AD3DCE40-34BA-4020-9374-04FA485451FD}.Release|ARM.Build.0 = Release|x64
		{AD3DCE40-34BA-4020-9374-04FA485451FD}.Release|ARM64.ActiveCfg = Release|x64
		{AD3DCE40-34BA-4020-9374-04FA485451FD}.Release|ARM64.Build.0 = Release|x64
		{AD3DCE40-34BA-4020-9374-04FA485451FD}.Release|x64.ActiveCfg = Release|x64
		{AD3DCE40-34BA-4020-9374-04FA485451FD}.Release|x64.Build.0 = Release|x64
		{AD3DCE40-34BA-4020-9374-04FA485451FD}.Release|x86.ActiveCfg = Release|Win32
		{AD3DCE40-34BA-4020-9374-04FA485451FD}.Release|x86.Build.0 = Release|Win32
		{AC1C5EF7-0D54-46BC-BE57-410C22A3E276}.Debug|ARM.ActiveCfg = Debug|x64
		{AC1C5EF7-0D54-46BC-BE57-410C22A3E276}.Debug|ARM.Build.0 = Debug|x64
		{AC1C5EF7-0D54-46BC-BE57-410C22A3E276}.Debug|ARM64.ActiveCfg = Debug|x64
		{AC1C5EF7-0D54-46BC-BE57-410C22A3E276}.Debug|ARM64.Build.0 = Debug|x64
		{AC1C5EF7-0D54-46BC-BE57-410C22A3E276}.Debug|x64.ActiveCfg = Debug|x64
		{AC1C5EF7-0D54-46BC-BE57-410C22A3E276}.Debug|x64.Build.0 = Debug|x64
		{AC1C5EF7-0D54-46BC-BE57-410C22A3E276}.Debug|x86.ActiveCfg = Debug|Win32
		{AC1C5EF7-0D54-46BC-BE57-410C22A3E276}.Debug|x86.Build.0 = Debug|Win32
		{AC1C5EF7-0D54-46BC-BE57-410C22A3E276}.Release|ARM.ActiveCfg = Release|x64
		{AC1C5EF7-0D54-46BC-BE57-410C22A3E276}.Release|ARM.Build.0 = Release|x64
		{AC1C5EF7-0D54-46BC-BE57-410C22A3E276}.Release|ARM64.ActiveCfg = Release|x64
		{AC1C5EF7-0D54-46BC-BE57-410C22A3E276}.Release|ARM64.Build.0 = Release|x64
		{AC1C5EF7-0D54-46BC-BE57-410C22A3E276}.Release|x64.ActiveCfg = Release|x64
		{AC1C5EF7-0D54-46BC-BE57-410C22A3E276}.Release|x64.Build.0 = Release|x64
		{AC1C5EF7-0D54-46BC-BE57-410C22A3E276}.Release|x86.ActiveCfg = Release|Win32
		{AC1C5EF7-0D54-46BC-BE57-410C22A3E276}.Release|x86.Build.0 = Release|Win32
		{3F8A74E5-B720-437A-8494-CA4A4420FCB7}.Debug|ARM.ActiveCfg = Debug|x64
		{3F8A74E5-B720-437A-8494-CA4A4420FCB7}.Debug|ARM.Build.0 = Debug|x64
		{3F8A74E5-B720-437A-8494-CA4A4420FCB7}.Debug|ARM64.ActiveCfg = Debug|x64
		{3F8A74E5-B720-437A-8494-CA4A4420FCB7}.Debug|ARM64.Build.0 = Debug|x64
		{3F8A74E5-B720-437A-8494-CA4A4420FCB7}.Debug|x64.ActiveCfg = Debug|x64
		{3F8A74E5-B720-437A-8494-CA4A4420FCB7}.Debug|x64.Build.0 = Debug|x64
		{3F8A74E5-B720-437A-8494-CA4A4420FCB7}.Debug|x86.ActiveCfg = Debug|Win32
		{3F8A74E5-B720-437A-8494-CA4A4420FCB7}.Debug|x86.Build.0 = Debug|Win32
		{3F8A74E5-B720-437A-8494-CA4A4420FCB7}.Release|ARM.ActiveCfg = Release|x64
		{3F8A74E5-B720-437A-8494-CA4A4420FCB7}.Release|ARM.Build.0 = Release|x64
		{3F8A74E5-B720-437A-8494-CA4A4420FCB7}.Release|ARM64.ActiveCfg = Release|x64
		{3F8A74E5-B720-437A-8494-CA4A4420FCB7}.Release|ARM64.Build.0 = Release|x64
		{3F8A74E5-B720-437A-8494-CA4A4420FCB7}.Release|x64.ActiveCfg = Release|x64
		{3F8A74E5-B720-437A-8494-CA4A4420FCB7}.Release|x64.Build.0 = Release|x64
		{3F8A74E5-B720-437A-8494-CA4A4420FCB7}.Release|x86.ActiveCfg = Release|Win32
		{3F8A74E5-B720-437A-8494-CA4A4420FCB7}.Release|x86.Build.0 = Release|Win32
		{DE31EEE2-3406-4281-A92E-773FE83E2D35}.Debug|ARM.ActiveCfg = Debug|x64
		{DE31EEE2-3406-4281-A92E-773FE83E2D35}.Debug|ARM.Build.0 = Debug|x64
		{DE31EEE2-3406-4281-A92E-773FE83E2D35}.Debug|ARM64.ActiveCfg = Debug|x64
		{DE31EEE2-3406-4281-A92E-773FE83E2D35}.Debug|ARM64.Build.0 = Debug|x64
		{DE31EEE2-3406-4281-A92E-773FE83E2D35}.Debug|x64.ActiveCfg = Debug|x64
		{DE31EEE2-3406-4281-A92E-773FE83E2D35}.Debug|x64.Build.0 = Debug|x64
		{DE31EEE2-3406-4281-A92E-773FE83E2D35}.Debug|x86.ActiveCfg = Debug|Win32
		{DE31EEE2-3406-4281-A92E-773FE83E2D35}.Debug|x86.Build.0 = Debug|Win32
		{DE31EEE2-3406-4281-A92E-773FE83E2D35}.Release|ARM.ActiveCfg = Release|x64
		{DE31EEE2-3406-4281-A92E-773FE83E2D35}.Release|ARM.Build.0 = Release|x64
		{DE31EEE2-3406-4281-A92E-773FE83E2D35}.Release|ARM64.ActiveCfg = Release|x64
		{DE31EEE2-3406-4281-A92E-773FE83E2D35}.Release|ARM64.Build.0 = Release|x64
		{DE31EEE2-3406-4281-A92E-773FE83E2D35}.Release|x64.ActiveCfg = Release|x64
		{DE31EEE2-3406-4281-A92E-773FE83E2D35}.Release|x64.Build.0 = Release|x64
		{DE31EEE2-3406-4281-A92E-773FE83E2D35}.Release|x86.ActiveCfg = Release|Win32
		{DE31EEE2-3406-4281-A92E-773FE83E2D35}.Release|x86.Build.0 = Release|Win32
		{FD6CDCE9-F917-444D-81F6-FD84D7ACEE5F}.Debug|ARM.ActiveCfg = Debug|x64
		{FD6CDCE9-F917-444D-81F6-FD84D7ACEE5F}.Debug|ARM.Build.0 = Debug|x64
		{FD6CDCE9-F917-444D-81F6-FD84D7ACEE5F}.Debug|ARM64.ActiveCfg = Debug|x64
		{FD6CDCE9-F917-444D-81F6-FD84D7ACEE5F}.Debug|ARM64.Build.0 = Debug|x64
		{FD6CDCE9-F917-444D-81F6-FD84D7ACEE5F}.Debug|x64.ActiveCfg = Debug|x64
		{FD6CDCE9-F917-444D-81F6-FD84D7ACEE5F}.Debug|x64.Build.0 = Debug|x64
		{FD6CDCE9-F917-444D-81F6-FD84D7ACEE5F}.Debug|x86.ActiveCfg = Debug|Win32
		{FD6CDCE9-F917-444D-81F6-FD84D7ACEE5F}.Debug|x86.Build.0 = Debug|Win32
		{FD6CDCE9-F917-444D-81F6-FD84D7ACEE5F}.Release|ARM.ActiveCfg = Release|x64
		{FD6CDCE9-F917-444D-81F6-FD84D7ACEE5F}.Release|ARM.Build.0 = Release|x64
		{FD6CDCE9-F917-444D-81F6-FD84D7ACEE5F}.Release|ARM64.ActiveCfg = Release|x64
		{FD6CDCE9-F917-444D-81F6-FD84D7ACEE5F}.Release|ARM64.Build.0 = Release|x64
		{FD6CDCE9-F917-444D-81F6-FD84D7ACEE5F}.Release|x64.ActiveCfg = Release|x64
		{FD6CDCE9-F917-444D-81F6-FD84D7ACEE5F}.Release|x64.Build.0 = Release|x64
		{FD6CDCE9-F917-444D-81F6-FD84D7ACEE5F}.Release|x86.ActiveCfg = Release|Win32
		{FD6CDCE9-F917-444D-81F6-FD84D7ACEE5F}.Release|x86.Build.0 = Release|Win32
	EndGlobalSection
	GlobalSection(SolutionProperties) = preSolution
		HideSolutionNode = FALSE
	EndGlobalSection
	GlobalSection(NestedProjects) = preSolution
		{0C41B2E2-A784-4534-9317-0BF8815E197C} = {FC08A1ED-C5F4-479C-93BF-D206DA8FC333}
		{3D1B2F1A-3F6E-47DA-B36C-89B6DFC04570} = {04A537F6-6F44-40B5-98E1-CF0615BBC889}
		{2332B22D-9636-43D5-8244-38A9C3BE660A} = {AAB3A23D-3171-46DC-A6DF-F4A9C10B9B46}
		{E0B392A5-1C94-4F17-A79C-45754259523A} = {AAB3A23D-3171-46DC-A6DF-F4A9C10B9B46}
		{85FF4D6C-9476-48B7-A32F-DFED0AEA2117} = {AAB3A23D-3171-46DC-A6DF-F4A9C10B9B46}
		{CB444FEC-9561-4C6C-A8EB-DAB3F095E492} = {AAB3A23D-3171-46DC-A6DF-F4A9C10B9B46}
		{ED92C9E3-4253-428C-A76E-3E19DB256F0D} = {AAB3A23D-3171-46DC-A6DF-F4A9C10B9B46}
		{61A5859E-3F9F-494E-B005-F373F7BACAA4} = {AAB3A23D-3171-46DC-A6DF-F4A9C10B9B46}
		{7F58BB25-5A4A-47BE-A429-AABF1DAFE6EF} = {AAB3A23D-3171-46DC-A6DF-F4A9C10B9B46}
		{BFDDE417-29F9-47FC-AD11-CB50F32ACA96} = {FC08A1ED-C5F4-479C-93BF-D206DA8FC333}
		{F419806A-C37D-4BE4-A71B-C337FAC0DDAF} = {FC08A1ED-C5F4-479C-93BF-D206DA8FC333}
		{1DD42D85-3084-4CC1-8D99-6C8EDFC4B21B} = {AAB3A23D-3171-46DC-A6DF-F4A9C10B9B46}
		{B7F3A6F1-0359-4427-925D-4A6D1C979B61} = {18FDDADC-A34D-41E0-865B-3EFFA6360A37}
		{B7BE417C-B6C5-4A69-A056-E0CB0C6A344C} = {18FDDADC-A34D-41E0-865B-3EFFA6360A37}
		{F38408B0-8D17-4D2B-AEB4-5FA30B7F6373} = {18FDDADC-A34D-41E0-865B-3EFFA6360A37}
		{03A9401D-CEFF-4F5E-A7B4-FC2A0D9F6C95} = {18FDDADC-A34D-41E0-865B-3EFFA6360A37}
		{8572235C-B335-40DD-BA5F-9954BEDC4BFC} = {18FDDADC-A34D-41E0-865B-3EFFA6360A37}
		{654D6F15-267A-423D-8606-351C153C4E3D} = {18FDDADC-A34D-41E0-865B-3EFFA6360A37}
		{B6BF4A27-9AC4-4157-BCE8-9E19EC045CEC} = {1458EAC5-4AB7-4BEB-8D5B-AA1BBE707074}
		{14C4C454-2162-4C7F-924D-4C86DD549A5D} = {3D1B2F1A-3F6E-47DA-B36C-89B6DFC04570}
		{D11F39D8-CBF5-49C6-A713-F0AE1B6A2D55} = {93A3B11D-FE69-4A94-BB80-66C19C0FBB29}
		{7CB16BAC-0B39-41F0-A334-EA15F5F0B210} = {3D1B2F1A-3F6E-47DA-B36C-89B6DFC04570}
		{61C7DA41-9FED-4BF9-BFB9-37E89A29835A} = {1458EAC5-4AB7-4BEB-8D5B-AA1BBE707074}
		{A650F957-9758-47F6-B515-DA3B9C6FC4F7} = {1458EAC5-4AB7-4BEB-8D5B-AA1BBE707074}
		{3B9A2D9F-E922-41FD-A23C-5C25084746B1} = {1458EAC5-4AB7-4BEB-8D5B-AA1BBE707074}
		{944760B4-48A0-41E4-BB85-7925DBEE1D91} = {1458EAC5-4AB7-4BEB-8D5B-AA1BBE707074}
		{08538679-CF6B-405F-B773-918821B09B55} = {FC08A1ED-C5F4-479C-93BF-D206DA8FC333}
		{B87891B1-7729-4E1B-8691-23108F721AA0} = {7FC7A7ED-0381-4911-A5F7-5302B1D43379}
		{AD3DCE40-34BA-4020-9374-04FA485451FD} = {FC08A1ED-C5F4-479C-93BF-D206DA8FC333}
		{E330A4C5-E1C1-4C73-8563-3B4195CAB807} = {04A537F6-6F44-40B5-98E1-CF0615BBC889}
		{AC1C5EF7-0D54-46BC-BE57-410C22A3E276} = {7FC7A7ED-0381-4911-A5F7-5302B1D43379}
		{3F8A74E5-B720-437A-8494-CA4A4420FCB7} = {E330A4C5-E1C1-4C73-8563-3B4195CAB807}
		{DE31EEE2-3406-4281-A92E-773FE83E2D35} = {1458EAC5-4AB7-4BEB-8D5B-AA1BBE707074}
		{FD6CDCE9-F917-444D-81F6-FD84D7ACEE5F} = {FC08A1ED-C5F4-479C-93BF-D206DA8FC333}
	EndGlobalSection
	GlobalSection(ExtensibilityGlobals) = postSolution
		SolutionGuid = {7F0FCF44-DF80-4619-BF3D-BFF58610EE4C}
	EndGlobalSection
EndGlobal
