
Microsoft Visual Studio Solution File, Format Version 12.00
# Visual Studio Version 17
VisualStudioVersion = 17.1.32421.90
MinimumVisualStudioVersion = 10.0.40219.1
Project("{8BC9CEB8-8B4A-11D0-8D11-00A0C91BC942}") = "Project1", "Project1\Project1.vcxproj", "{080E9861-CFBF-4956-B39A-0CE4898EB71E}"
EndProject
Global
	GlobalSection(SolutionConfigurationPlatforms) = preSolution
		Debug|x64 = Debug|x64
		Debug|x86 = Debug|x86
		Release|x64 = Release|x64
		Release|x86 = Release|x86
	EndGlobalSection
	GlobalSection(ProjectConfigurationPlatforms) = postSolution
		{080E9861-CFBF-4956-B39A-0CE4898EB71E}.Debug|x64.ActiveCfg = Debug|x64
		{080E9861-CFBF-4956-B39A-0CE4898EB71E}.Debug|x64.Build.0 = Debug|x64
		{080E9861-CFBF-4956-B39A-0CE4898EB71E}.Debug|x86.ActiveCfg = Debug|Win32
		{080E9861-CFBF-4956-B39A-0CE4898EB71E}.Debug|x86.Build.0 = Debug|Win32
		{080E9861-CFBF-4956-B39A-0CE4898EB71E}.Release|x64.ActiveCfg = Release|x64
		{080E9861-CFBF-4956-B39A-0CE4898EB71E}.Release|x64.Build.0 = Release|x64
		{080E9861-CFBF-4956-B39A-0CE4898EB71E}.Release|x86.ActiveCfg = Release|Win32
		{080E9861-CFBF-4956-B39A-0CE4898EB71E}.Release|x86.Build.0 = Release|Win32
	EndGlobalSection
	GlobalSection(SolutionProperties) = preSolution
		HideSolutionNode = FALSE
	EndGlobalSection
	GlobalSection(ExtensibilityGlobals) = postSolution
		SolutionGuid = {63DF6DA5-E654-4CBB-8373-C34A81395B90}
	EndGlobalSection
EndGlobal
